[[package]]
name = "xmltodict"
version = "0.13.0"
description = "Makes working with XML feel like you are working with JSON"
category = "main"
optional = false
python-versions = ">=3.4"

[metadata]
lock-version = "1.1"
python-versions = "^3.8"
content-hash = "88e7498843459e84256674425dc9bf5f3fc6933e3f7fc6fff6e9bd51ca222ea0"

[metadata.files]
xmltodict = []
